<?xml version="1.0" encoding="utf-8"?>
<Project ToolsVersion="4.0" xmlns="http://schemas.microsoft.com/developer/msbuild/2003">
  <ItemGroup>
    <Filter Include="Source Files">
      <UniqueIdentifier>{4FC737F1-C7A5-4376-A066-2A32D752A2FF}</UniqueIdentifier>
      <Extensions>cpp;c;cc;cxx;c++;def;odl;idl;hpj;bat;asm;asmx</Extensions>
    </Filter>
    <Filter Include="Header Files">
      <UniqueIdentifier>{93995380-89BD-4b04-88EB-625FBE52EBFB}</UniqueIdentifier>
      <Extensions>h;hh;hpp;hxx;h++;hm;inl;inc;ipp;xsd</Extensions>
    </Filter>
    <Filter Include="Resource Files">
      <UniqueIdentifier>{67DA6AB6-F800-4c08-8B7A-83BB121AAD01}</UniqueIdentifier>
      <Extensions>rc;ico;cur;bmp;dlg;rc2;rct;bin;rgs;gif;jpg;jpeg;jpe;resx;tiff;tif;png;wav;mfcribbon-ms</Extensions>
    </Filter>
    <Filter Include="Source Files\utils">
      <UniqueIdentifier>{488ab550-9c7e-4a54-8a3f-d6d7332e667b}</UniqueIdentifier>
    </Filter>
    <Filter Include="Header Files\utils">
      <UniqueIdentifier>{696d0565-9fab-421d-ab10-fe4b849e187c}</UniqueIdentifier>
    </Filter>
    <Filter Include="Source Files\hooks">
      <UniqueIdentifier>{2738c2ff-a8b3-4d09-a9ec-429fad054731}</UniqueIdentifier>
    </Filter>
    <Filter Include="Header Files\hooks">
      <UniqueIdentifier>{eafe8b34-e968-4cab-897d-8f9a9af98760}</UniqueIdentifier>
    </Filter>
  </ItemGroup>
  <ItemGroup>
    <ClInclude Include="framework.h">
      <Filter>Header Files</Filter>
    </ClInclude>
    <ClInclude Include="pch.h">
      <Filter>Header Files</Filter>
    </ClInclude>
    <ClInclude Include="Utils.h">
      <Filter>Header Files\utils</Filter>
    </ClInclude>
    <ClInclude Include="HookUtil.h">
      <Filter>Header Files\utils</Filter>
    </ClInclude>
    <ClInclude Include="Hooks.h">
      <Filter>Header Files\hooks</Filter>
    </ClInclude>
    <ClInclude Include="LoggingHook.h">
      <Filter>Header Files\hooks</Filter>
    </ClInclude>
    <ClInclude Include="UpdateHook.h">
      <Filter>Header Files\hooks</Filter>
    </ClInclude>
    <ClInclude Include="SpotifyUtil.h">
      <Filter>Header Files\utils</Filter>
    </ClInclude>
    <ClInclude Include="KeyHook.h">
      <Filter>Header Files\hooks</Filter>
    </ClInclude>
  </ItemGroup>
  <ItemGroup>
    <ClCompile Include="pch.cpp">
      <Filter>Source Files</Filter>
    </ClCompile>
    <ClCompile Include="Utils.cpp">
      <Filter>Source Files\utils</Filter>
    </ClCompile>
    <ClCompile Include="YSpotify.cpp">
      <Filter>Source Files</Filter>
    </ClCompile>
    <ClCompile Include="HookUtil.cpp">
      <Filter>Source Files\utils</Filter>
    </ClCompile>
    <ClCompile Include="Hooks.cpp">
      <Filter>Source Files\hooks</Filter>
    </ClCompile>
    <ClCompile Include="LoggingHook.cpp">
      <Filter>Source Files\hooks</Filter>
    </ClCompile>
    <ClCompile Include="UpdateHook.cpp">
      <Filter>Source Files\hooks</Filter>
    </ClCompile>
    <ClCompile Include="SpotifyUtil.cpp">
      <Filter>Source Files\utils</Filter>
    </ClCompile>
    <ClCompile Include="KeyHook.cpp">
      <Filter>Source Files\hooks</Filter>
    </ClCompile>
  </ItemGroup>
</Project>